
Microsoft Visual Studio Solution File, Format Version 12.00
# Visual Studio Version 17
VisualStudioVersion = 17.13.35913.81 d17.13
MinimumVisualStudioVersion = 10.0.40219.1
Project("{FAE04EC0-301F-11D3-BF4B-00C04F79EFBC}") = "AiQaTranslator9Auth", "AiQaTranslator9Auth.csproj", "{8844A2D9-0043-1B97-862C-B8C4FD06076E}"
EndProject
Global
	GlobalSection(SolutionConfigurationPlatforms) = preSolution
		Debug|Any CPU = Debug|Any CPU
		Release|Any CPU = Release|Any CPU
	EndGlobalSection
	GlobalSection(ProjectConfigurationPlatforms) = postSolution
		{8844A2D9-0043-1B97-862C-B8C4FD06076E}.Debug|Any CPU.ActiveCfg = Debug|Any CPU
		{8844A2D9-0043-1B97-862C-B8C4FD06076E}.Debug|Any CPU.Build.0 = Debug|Any CPU
		{8844A2D9-0043-1B97-862C-B8C4FD06076E}.Release|Any CPU.ActiveCfg = Release|Any CPU
		{8844A2D9-0043-1B97-862C-B8C4FD06076E}.Release|Any CPU.Build.0 = Release|Any CPU
	EndGlobalSection
	GlobalSection(SolutionProperties) = preSolution
		HideSolutionNode = FALSE
	EndGlobalSection
	GlobalSection(ExtensibilityGlobals) = postSolution
		SolutionGuid = {6F5A1618-AF9F-481D-ABB9-56E7DA2F2A86}
	EndGlobalSection
EndGlobal
